
Microsoft Visual Studio Solution File, Format Version 12.00
# Visual Studio Version 17
VisualStudioVersion = 17.6.33723.286
MinimumVisualStudioVersion = 10.0.40219.1
Project("{2150E333-8FDC-42A3-9474-1A3956D46DE8}") = "Unidad_1", "Unidad_1", "{46CB5442-628F-4A0E-BC9C-39861EDB4E22}"
EndProject
Project("{2150E333-8FDC-42A3-9474-1A3956D46DE8}") = "Unidad_2", "Unidad_2", "{9992B3A2-699D-45C0-8034-7D2189D423A9}"
EndProject
Project("{2150E333-8FDC-42A3-9474-1A3956D46DE8}") = "Unidad_3", "Unidad_3", "{A9D8FE1C-06B0-420C-B41F-18A6BFDD5B1F}"
EndProject
Project("{2150E333-8FDC-42A3-9474-1A3956D46DE8}") = "Unidad_4", "Unidad_4", "{BFA1AD63-C52E-4113-855D-49ADB95597F3}"
EndProject
Project("{FAE04EC0-301F-11D3-BF4B-00C04F79EFBC}") = "Ejercicio_MonoCuenta", "Unidad_1\Ejercicio_MonoCuenta\Ejercicio_MonoCuenta.csproj", "{A8060C9E-E688-4A04-B395-3E98F5C7A2C0}"
EndProject
Project("{FAE04EC0-301F-11D3-BF4B-00C04F79EFBC}") = "Ejercicio_MultiCuenta", "Unidad_1\Ejercicio_MultiCuenta\Ejercicio_MultiCuenta.csproj", "{2C6751CF-9F40-494A-BD34-5921BE6C3CD4}"
EndProject
Project("{FAE04EC0-301F-11D3-BF4B-00C04F79EFBC}") = "Ejercicio_Herencia", "Unidad_2\Ejercicio_Herencia\Ejercicio_Herencia.csproj", "{F9F48101-6B3A-42ED-8E4F-48D5450E2899}"
EndProject
Project("{FAE04EC0-301F-11D3-BF4B-00C04F79EFBC}") = "Ejercicio_MultiCuentaOOP", "Unidad_2\Ejercicio_MultiCuentaOOP\Ejercicio_MultiCuentaOOP.csproj", "{01C06AB1-19A0-432B-B16F-E8302B8DDA72}"
EndProject
Project("{FAE04EC0-301F-11D3-BF4B-00C04F79EFBC}") = "Ejercicio_Colecciones", "Unidad_2\Ejercicio_Colecciones\Ejercicio_Colecciones.csproj", "{EE43A62B-F77F-4518-AAE0-407ECC30A0A5}"
EndProject
Project("{FAE04EC0-301F-11D3-BF4B-00C04F79EFBC}") = "Ejercicio_Variables", "Unidad_2\Ejercicio_Variables\Ejercicio_Variables.csproj", "{542E6FDF-D857-4601-9EE4-1F1AA3E2BDEB}"
EndProject
Project("{FAE04EC0-301F-11D3-BF4B-00C04F79EFBC}") = "Ejercicio_AsignadorTareasMono", "Unidad_3\Ejercicio_AsignadorTareas\Ejercicio_AsignadorTareasMono.csproj", "{BA380A56-9D14-4335-8C16-372873B54B13}"
EndProject
Project("{FAE04EC0-301F-11D3-BF4B-00C04F79EFBC}") = "Ejercicio_AsignadorTareasMulti", "Unidad_3\Ejercicio_AsignadorTareasMulti\Ejercicio_AsignadorTareasMulti.csproj", "{D01ECE5F-83B6-47FC-8E12-5AA82D0085B9}"
EndProject
Project("{2150E333-8FDC-42A3-9474-1A3956D46DE8}") = "Ejercicio_AsignadorTareasDDD", "Ejercicio_AsignadorTareasDDD", "{DD7CFD71-0FF1-4BEF-9635-254C8A4E9F51}"
EndProject
Project("{2150E333-8FDC-42A3-9474-1A3956D46DE8}") = "Unidad_5", "Unidad_5", "{61294FC9-5ED8-4FC8-8597-FEE24688E4D4}"
EndProject
Project("{2150E333-8FDC-42A3-9474-1A3956D46DE8}") = "1 - Presentation", "1 - Presentation", "{9DDFA72B-20F3-49B6-AD85-4FFC996A23A6}"
EndProject
Project("{2150E333-8FDC-42A3-9474-1A3956D46DE8}") = "2 - Bussines", "2 - Bussines", "{C4250AEF-904D-46FB-8DC7-2D49DE30F5A6}"
EndProject
Project("{2150E333-8FDC-42A3-9474-1A3956D46DE8}") = "3 - Infrastructure", "3 - Infrastructure", "{C4DD069D-98F1-4652-AEAD-F42D50CBE30A}"
EndProject
Project("{2150E333-8FDC-42A3-9474-1A3956D46DE8}") = "4 - Repository", "4 - Repository", "{FE3708BF-E553-4A06-B2FD-BC63E7958452}"
EndProject
Project("{FAE04EC0-301F-11D3-BF4B-00C04F79EFBC}") = "Presentation", "Unidad_4\Ejercicio_AsignadorTareasDDD\1 - Presentation\Presentation\Presentation.csproj", "{FCEFE17E-5FE2-41FD-BAE9-F6FE5757A7DD}"
EndProject
Project("{FAE04EC0-301F-11D3-BF4B-00C04F79EFBC}") = "Bussines", "Unidad_4\Ejercicio_AsignadorTareasDDD\2 - Bussines\Bussines\Bussines.csproj", "{2545670D-5360-4024-9503-247E49B4D309}"
EndProject
Project("{FAE04EC0-301F-11D3-BF4B-00C04F79EFBC}") = "Infrastructure", "Unidad_4\Ejercicio_AsignadorTareasDDD\3 - Infrastructure\Infrastructure\Infrastructure\Infrastructure.csproj", "{D31398E8-18A3-455B-862A-8933D8DFEF0B}"
EndProject
Project("{FAE04EC0-301F-11D3-BF4B-00C04F79EFBC}") = "Repository", "Unidad_4\Ejercicio_AsignadorTareasDDD\4 - Repository\Repository\Repository\Repository.csproj", "{CFE22E76-A951-4AD6-8FE8-F4B882083988}"
EndProject
Project("{2150E333-8FDC-42A3-9474-1A3956D46DE8}") = "Ejercicio_BankAccountDDD", "Ejercicio_BankAccountDDD", "{16D6069C-CC3B-4C2D-B658-238A95AB4376}"
EndProject
Project("{FAE04EC0-301F-11D3-BF4B-00C04F79EFBC}") = "Presentation", "Unidad_4\Ejercicio_BankAccountDDD\1 - Presentation\Presentation\Presentation.csproj", "{F033DE33-EE07-43F2-A4CE-34C8E9518E47}"
EndProject
Project("{2150E333-8FDC-42A3-9474-1A3956D46DE8}") = "1 - Presentation", "1 - Presentation", "{46CF913B-EA59-401A-996E-55A83473B63D}"
EndProject
Project("{2150E333-8FDC-42A3-9474-1A3956D46DE8}") = "2 - Bussines", "2 - Bussines", "{A46A0C2A-E105-4C8B-AB54-732B4B2D7414}"
EndProject
Project("{2150E333-8FDC-42A3-9474-1A3956D46DE8}") = "3 - Infrastructure", "3 - Infrastructure", "{67CC074C-8152-4C16-B9E3-C6C17080DF72}"
EndProject
Project("{2150E333-8FDC-42A3-9474-1A3956D46DE8}") = "4 - Repository", "4 - Repository", "{062328A6-4F11-4159-8507-23AAD9858F83}"
EndProject
Project("{2150E333-8FDC-42A3-9474-1A3956D46DE8}") = "5 - Utilities", "5 - Utilities", "{A3B8D57E-071D-43A7-A2E9-04568D5F440B}"
EndProject
Project("{FAE04EC0-301F-11D3-BF4B-00C04F79EFBC}") = "Repository", "Unidad_4\Ejercicio_BankAccountDDD\4 - Repository\Repository\Repository.csproj", "{B685F11D-3BAA-44CA-967E-1377BB56FA4B}"
EndProject
Project("{FAE04EC0-301F-11D3-BF4B-00C04F79EFBC}") = "Infrastructure", "Unidad_4\Ejercicio_BankAccountDDD\3 - Infrastructure\Infrastructure\Infrastructure.csproj", "{8FE0318D-F09C-412C-BD4C-80014F58C9BA}"
EndProject
Global
	GlobalSection(SolutionConfigurationPlatforms) = preSolution
		Debug|Any CPU = Debug|Any CPU
		Release|Any CPU = Release|Any CPU
	EndGlobalSection
	GlobalSection(ProjectConfigurationPlatforms) = postSolution
		{A8060C9E-E688-4A04-B395-3E98F5C7A2C0}.Debug|Any CPU.ActiveCfg = Debug|Any CPU
		{A8060C9E-E688-4A04-B395-3E98F5C7A2C0}.Debug|Any CPU.Build.0 = Debug|Any CPU
		{A8060C9E-E688-4A04-B395-3E98F5C7A2C0}.Release|Any CPU.ActiveCfg = Release|Any CPU
		{A8060C9E-E688-4A04-B395-3E98F5C7A2C0}.Release|Any CPU.Build.0 = Release|Any CPU
		{2C6751CF-9F40-494A-BD34-5921BE6C3CD4}.Debug|Any CPU.ActiveCfg = Debug|Any CPU
		{2C6751CF-9F40-494A-BD34-5921BE6C3CD4}.Debug|Any CPU.Build.0 = Debug|Any CPU
		{2C6751CF-9F40-494A-BD34-5921BE6C3CD4}.Release|Any CPU.ActiveCfg = Release|Any CPU
		{2C6751CF-9F40-494A-BD34-5921BE6C3CD4}.Release|Any CPU.Build.0 = Release|Any CPU
		{F9F48101-6B3A-42ED-8E4F-48D5450E2899}.Debug|Any CPU.ActiveCfg = Debug|Any CPU
		{F9F48101-6B3A-42ED-8E4F-48D5450E2899}.Debug|Any CPU.Build.0 = Debug|Any CPU
		{F9F48101-6B3A-42ED-8E4F-48D5450E2899}.Release|Any CPU.ActiveCfg = Release|Any CPU
		{F9F48101-6B3A-42ED-8E4F-48D5450E2899}.Release|Any CPU.Build.0 = Release|Any CPU
		{01C06AB1-19A0-432B-B16F-E8302B8DDA72}.Debug|Any CPU.ActiveCfg = Debug|Any CPU
		{01C06AB1-19A0-432B-B16F-E8302B8DDA72}.Debug|Any CPU.Build.0 = Debug|Any CPU
		{01C06AB1-19A0-432B-B16F-E8302B8DDA72}.Release|Any CPU.ActiveCfg = Release|Any CPU
		{01C06AB1-19A0-432B-B16F-E8302B8DDA72}.Release|Any CPU.Build.0 = Release|Any CPU
		{EE43A62B-F77F-4518-AAE0-407ECC30A0A5}.Debug|Any CPU.ActiveCfg = Debug|Any CPU
		{EE43A62B-F77F-4518-AAE0-407ECC30A0A5}.Debug|Any CPU.Build.0 = Debug|Any CPU
		{EE43A62B-F77F-4518-AAE0-407ECC30A0A5}.Release|Any CPU.ActiveCfg = Release|Any CPU
		{EE43A62B-F77F-4518-AAE0-407ECC30A0A5}.Release|Any CPU.Build.0 = Release|Any CPU
		{542E6FDF-D857-4601-9EE4-1F1AA3E2BDEB}.Debug|Any CPU.ActiveCfg = Debug|Any CPU
		{542E6FDF-D857-4601-9EE4-1F1AA3E2BDEB}.Debug|Any CPU.Build.0 = Debug|Any CPU
		{542E6FDF-D857-4601-9EE4-1F1AA3E2BDEB}.Release|Any CPU.ActiveCfg = Release|Any CPU
		{542E6FDF-D857-4601-9EE4-1F1AA3E2BDEB}.Release|Any CPU.Build.0 = Release|Any CPU
		{BA380A56-9D14-4335-8C16-372873B54B13}.Debug|Any CPU.ActiveCfg = Debug|Any CPU
		{BA380A56-9D14-4335-8C16-372873B54B13}.Debug|Any CPU.Build.0 = Debug|Any CPU
		{BA380A56-9D14-4335-8C16-372873B54B13}.Release|Any CPU.ActiveCfg = Release|Any CPU
		{BA380A56-9D14-4335-8C16-372873B54B13}.Release|Any CPU.Build.0 = Release|Any CPU
		{D01ECE5F-83B6-47FC-8E12-5AA82D0085B9}.Debug|Any CPU.ActiveCfg = Debug|Any CPU
		{D01ECE5F-83B6-47FC-8E12-5AA82D0085B9}.Debug|Any CPU.Build.0 = Debug|Any CPU
		{D01ECE5F-83B6-47FC-8E12-5AA82D0085B9}.Release|Any CPU.ActiveCfg = Release|Any CPU
		{D01ECE5F-83B6-47FC-8E12-5AA82D0085B9}.Release|Any CPU.Build.0 = Release|Any CPU
		{FCEFE17E-5FE2-41FD-BAE9-F6FE5757A7DD}.Debug|Any CPU.ActiveCfg = Debug|Any CPU
		{FCEFE17E-5FE2-41FD-BAE9-F6FE5757A7DD}.Debug|Any CPU.Build.0 = Debug|Any CPU
		{FCEFE17E-5FE2-41FD-BAE9-F6FE5757A7DD}.Release|Any CPU.ActiveCfg = Release|Any CPU
		{FCEFE17E-5FE2-41FD-BAE9-F6FE5757A7DD}.Release|Any CPU.Build.0 = Release|Any CPU
		{2545670D-5360-4024-9503-247E49B4D309}.Debug|Any CPU.ActiveCfg = Debug|Any CPU
		{2545670D-5360-4024-9503-247E49B4D309}.Debug|Any CPU.Build.0 = Debug|Any CPU
		{2545670D-5360-4024-9503-247E49B4D309}.Release|Any CPU.ActiveCfg = Release|Any CPU
		{2545670D-5360-4024-9503-247E49B4D309}.Release|Any CPU.Build.0 = Release|Any CPU
		{D31398E8-18A3-455B-862A-8933D8DFEF0B}.Debug|Any CPU.ActiveCfg = Debug|Any CPU
		{D31398E8-18A3-455B-862A-8933D8DFEF0B}.Debug|Any CPU.Build.0 = Debug|Any CPU
		{D31398E8-18A3-455B-862A-8933D8DFEF0B}.Release|Any CPU.ActiveCfg = Release|Any CPU
		{D31398E8-18A3-455B-862A-8933D8DFEF0B}.Release|Any CPU.Build.0 = Release|Any CPU
		{CFE22E76-A951-4AD6-8FE8-F4B882083988}.Debug|Any CPU.ActiveCfg = Debug|Any CPU
		{CFE22E76-A951-4AD6-8FE8-F4B882083988}.Debug|Any CPU.Build.0 = Debug|Any CPU
		{CFE22E76-A951-4AD6-8FE8-F4B882083988}.Release|Any CPU.ActiveCfg = Release|Any CPU
		{CFE22E76-A951-4AD6-8FE8-F4B882083988}.Release|Any CPU.Build.0 = Release|Any CPU
		{F033DE33-EE07-43F2-A4CE-34C8E9518E47}.Debug|Any CPU.ActiveCfg = Debug|Any CPU
		{F033DE33-EE07-43F2-A4CE-34C8E9518E47}.Debug|Any CPU.Build.0 = Debug|Any CPU
		{F033DE33-EE07-43F2-A4CE-34C8E9518E47}.Release|Any CPU.ActiveCfg = Release|Any CPU
		{F033DE33-EE07-43F2-A4CE-34C8E9518E47}.Release|Any CPU.Build.0 = Release|Any CPU
		{B685F11D-3BAA-44CA-967E-1377BB56FA4B}.Debug|Any CPU.ActiveCfg = Debug|Any CPU
		{B685F11D-3BAA-44CA-967E-1377BB56FA4B}.Debug|Any CPU.Build.0 = Debug|Any CPU
		{B685F11D-3BAA-44CA-967E-1377BB56FA4B}.Release|Any CPU.ActiveCfg = Release|Any CPU
		{B685F11D-3BAA-44CA-967E-1377BB56FA4B}.Release|Any CPU.Build.0 = Release|Any CPU
		{8FE0318D-F09C-412C-BD4C-80014F58C9BA}.Debug|Any CPU.ActiveCfg = Debug|Any CPU
		{8FE0318D-F09C-412C-BD4C-80014F58C9BA}.Debug|Any CPU.Build.0 = Debug|Any CPU
		{8FE0318D-F09C-412C-BD4C-80014F58C9BA}.Release|Any CPU.ActiveCfg = Release|Any CPU
		{8FE0318D-F09C-412C-BD4C-80014F58C9BA}.Release|Any CPU.Build.0 = Release|Any CPU
	EndGlobalSection
	GlobalSection(SolutionProperties) = preSolution
		HideSolutionNode = FALSE
	EndGlobalSection
	GlobalSection(NestedProjects) = preSolution
		{A8060C9E-E688-4A04-B395-3E98F5C7A2C0} = {46CB5442-628F-4A0E-BC9C-39861EDB4E22}
		{2C6751CF-9F40-494A-BD34-5921BE6C3CD4} = {46CB5442-628F-4A0E-BC9C-39861EDB4E22}
		{F9F48101-6B3A-42ED-8E4F-48D5450E2899} = {9992B3A2-699D-45C0-8034-7D2189D423A9}
		{01C06AB1-19A0-432B-B16F-E8302B8DDA72} = {9992B3A2-699D-45C0-8034-7D2189D423A9}
		{EE43A62B-F77F-4518-AAE0-407ECC30A0A5} = {9992B3A2-699D-45C0-8034-7D2189D423A9}
		{542E6FDF-D857-4601-9EE4-1F1AA3E2BDEB} = {9992B3A2-699D-45C0-8034-7D2189D423A9}
		{BA380A56-9D14-4335-8C16-372873B54B13} = {A9D8FE1C-06B0-420C-B41F-18A6BFDD5B1F}
		{D01ECE5F-83B6-47FC-8E12-5AA82D0085B9} = {A9D8FE1C-06B0-420C-B41F-18A6BFDD5B1F}
		{DD7CFD71-0FF1-4BEF-9635-254C8A4E9F51} = {BFA1AD63-C52E-4113-855D-49ADB95597F3}
		{9DDFA72B-20F3-49B6-AD85-4FFC996A23A6} = {DD7CFD71-0FF1-4BEF-9635-254C8A4E9F51}
		{C4250AEF-904D-46FB-8DC7-2D49DE30F5A6} = {DD7CFD71-0FF1-4BEF-9635-254C8A4E9F51}
		{C4DD069D-98F1-4652-AEAD-F42D50CBE30A} = {DD7CFD71-0FF1-4BEF-9635-254C8A4E9F51}
		{FE3708BF-E553-4A06-B2FD-BC63E7958452} = {DD7CFD71-0FF1-4BEF-9635-254C8A4E9F51}
		{FCEFE17E-5FE2-41FD-BAE9-F6FE5757A7DD} = {9DDFA72B-20F3-49B6-AD85-4FFC996A23A6}
		{2545670D-5360-4024-9503-247E49B4D309} = {C4250AEF-904D-46FB-8DC7-2D49DE30F5A6}
		{D31398E8-18A3-455B-862A-8933D8DFEF0B} = {C4DD069D-98F1-4652-AEAD-F42D50CBE30A}
		{CFE22E76-A951-4AD6-8FE8-F4B882083988} = {FE3708BF-E553-4A06-B2FD-BC63E7958452}
		{16D6069C-CC3B-4C2D-B658-238A95AB4376} = {BFA1AD63-C52E-4113-855D-49ADB95597F3}
		{F033DE33-EE07-43F2-A4CE-34C8E9518E47} = {46CF913B-EA59-401A-996E-55A83473B63D}
		{46CF913B-EA59-401A-996E-55A83473B63D} = {16D6069C-CC3B-4C2D-B658-238A95AB4376}
		{A46A0C2A-E105-4C8B-AB54-732B4B2D7414} = {16D6069C-CC3B-4C2D-B658-238A95AB4376}
		{67CC074C-8152-4C16-B9E3-C6C17080DF72} = {16D6069C-CC3B-4C2D-B658-238A95AB4376}
		{062328A6-4F11-4159-8507-23AAD9858F83} = {16D6069C-CC3B-4C2D-B658-238A95AB4376}
		{A3B8D57E-071D-43A7-A2E9-04568D5F440B} = {16D6069C-CC3B-4C2D-B658-238A95AB4376}
		{B685F11D-3BAA-44CA-967E-1377BB56FA4B} = {062328A6-4F11-4159-8507-23AAD9858F83}
		{8FE0318D-F09C-412C-BD4C-80014F58C9BA} = {67CC074C-8152-4C16-B9E3-C6C17080DF72}
	EndGlobalSection
	GlobalSection(ExtensibilityGlobals) = postSolution
		SolutionGuid = {7B8CA17E-F82F-4D59-99D3-6510947C46C7}
	EndGlobalSection
EndGlobal
