
Microsoft Visual Studio Solution File, Format Version 12.00
# Visual Studio Version 17
VisualStudioVersion = 17.6.33723.286
MinimumVisualStudioVersion = 10.0.40219.1
Project("{2150E333-8FDC-42A3-9474-1A3956D46DE8}") = "Unidad_1", "Unidad_1", "{46CB5442-628F-4A0E-BC9C-39861EDB4E22}"
EndProject
Project("{2150E333-8FDC-42A3-9474-1A3956D46DE8}") = "Unidad_2", "Unidad_2", "{9992B3A2-699D-45C0-8034-7D2189D423A9}"
EndProject
Project("{2150E333-8FDC-42A3-9474-1A3956D46DE8}") = "Unidad_3", "Unidad_3", "{A9D8FE1C-06B0-420C-B41F-18A6BFDD5B1F}"
EndProject
Project("{2150E333-8FDC-42A3-9474-1A3956D46DE8}") = "Unidad_4", "Unidad_4", "{BFA1AD63-C52E-4113-855D-49ADB95597F3}"
EndProject
Project("{FAE04EC0-301F-11D3-BF4B-00C04F79EFBC}") = "Ejercicio_MonoCuenta", "Unidad_1\Ejercicio_MonoCuenta\Ejercicio_MonoCuenta.csproj", "{A8060C9E-E688-4A04-B395-3E98F5C7A2C0}"
EndProject
Project("{FAE04EC0-301F-11D3-BF4B-00C04F79EFBC}") = "Ejercicio_MultiCuenta", "Unidad_1\Ejercicio_MultiCuenta\Ejercicio_MultiCuenta.csproj", "{2C6751CF-9F40-494A-BD34-5921BE6C3CD4}"
EndProject
Project("{FAE04EC0-301F-11D3-BF4B-00C04F79EFBC}") = "Ejercicio_Herencia", "Unidad_2\Ejercicio_Herencia\Ejercicio_Herencia.csproj", "{F9F48101-6B3A-42ED-8E4F-48D5450E2899}"
EndProject
Project("{FAE04EC0-301F-11D3-BF4B-00C04F79EFBC}") = "Ejercicio_MultiCuentaOOP", "Unidad_2\Ejercicio_MultiCuentaOOP\Ejercicio_MultiCuentaOOP.csproj", "{01C06AB1-19A0-432B-B16F-E8302B8DDA72}"
EndProject
Project("{FAE04EC0-301F-11D3-BF4B-00C04F79EFBC}") = "Ejercicio_Colecciones", "Unidad_2\Ejercicio_Colecciones\Ejercicio_Colecciones.csproj", "{EE43A62B-F77F-4518-AAE0-407ECC30A0A5}"
EndProject
Project("{FAE04EC0-301F-11D3-BF4B-00C04F79EFBC}") = "Ejercicio_Variables", "Unidad_2\Ejercicio_Variables\Ejercicio_Variables.csproj", "{542E6FDF-D857-4601-9EE4-1F1AA3E2BDEB}"
EndProject
Project("{FAE04EC0-301F-11D3-BF4B-00C04F79EFBC}") = "Ejercicio_AsignadorTareasMono", "Unidad_3\Ejercicio_AsignadorTareas\Ejercicio_AsignadorTareasMono.csproj", "{BA380A56-9D14-4335-8C16-372873B54B13}"
EndProject
Project("{FAE04EC0-301F-11D3-BF4B-00C04F79EFBC}") = "Ejercicio_AsignadorTareasMulti", "Unidad_3\Ejercicio_AsignadorTareasMulti\Ejercicio_AsignadorTareasMulti.csproj", "{D01ECE5F-83B6-47FC-8E12-5AA82D0085B9}"
EndProject
Project("{2150E333-8FDC-42A3-9474-1A3956D46DE8}") = "Ejercicio_AsignadorTareasDDD", "Ejercicio_AsignadorTareasDDD", "{DD7CFD71-0FF1-4BEF-9635-254C8A4E9F51}"
EndProject
Project("{2150E333-8FDC-42A3-9474-1A3956D46DE8}") = "Unidad_5", "Unidad_5", "{61294FC9-5ED8-4FC8-8597-FEE24688E4D4}"
EndProject
Project("{2150E333-8FDC-42A3-9474-1A3956D46DE8}") = "1 - Presentation", "1 - Presentation", "{9DDFA72B-20F3-49B6-AD85-4FFC996A23A6}"
EndProject
Project("{2150E333-8FDC-42A3-9474-1A3956D46DE8}") = "2 - Bussines", "2 - Bussines", "{C4250AEF-904D-46FB-8DC7-2D49DE30F5A6}"
EndProject
Project("{2150E333-8FDC-42A3-9474-1A3956D46DE8}") = "3 - Infrastructure", "3 - Infrastructure", "{C4DD069D-98F1-4652-AEAD-F42D50CBE30A}"
EndProject
Project("{2150E333-8FDC-42A3-9474-1A3956D46DE8}") = "4 - Repository", "4 - Repository", "{FE3708BF-E553-4A06-B2FD-BC63E7958452}"
EndProject
Project("{FAE04EC0-301F-11D3-BF4B-00C04F79EFBC}") = "Presentation", "Unidad_4\Ejercicio_AsignadorTareasDDD\1 - Presentation\Presentation\Presentation.csproj", "{FCEFE17E-5FE2-41FD-BAE9-F6FE5757A7DD}"
EndProject
Project("{FAE04EC0-301F-11D3-BF4B-00C04F79EFBC}") = "Bussines", "Unidad_4\Ejercicio_AsignadorTareasDDD\2 - Bussines\Bussines\Bussines.csproj", "{2545670D-5360-4024-9503-247E49B4D309}"
EndProject
Project("{FAE04EC0-301F-11D3-BF4B-00C04F79EFBC}") = "Infrastructure", "Unidad_4\Ejercicio_AsignadorTareasDDD\3 - Infrastructure\Infrastructure\Infrastructure\Infrastructure.csproj", "{D31398E8-18A3-455B-862A-8933D8DFEF0B}"
EndProject
Project("{FAE04EC0-301F-11D3-BF4B-00C04F79EFBC}") = "Repository", "Unidad_4\Ejercicio_AsignadorTareasDDD\4 - Repository\Repository\Repository\Repository.csproj", "{CFE22E76-A951-4AD6-8FE8-F4B882083988}"
EndProject
Project("{2150E333-8FDC-42A3-9474-1A3956D46DE8}") = "Ejercicio_BankAccountDDD", "Ejercicio_BankAccountDDD", "{16D6069C-CC3B-4C2D-B658-238A95AB4376}"
EndProject
Project("{FAE04EC0-301F-11D3-BF4B-00C04F79EFBC}") = "Presentation", "Unidad_4\Ejercicio_BankAccountDDD\1 - Presentation\Presentation\Presentation.csproj", "{F033DE33-EE07-43F2-A4CE-34C8E9518E47}"
EndProject
Project("{2150E333-8FDC-42A3-9474-1A3956D46DE8}") = "1 - Presentation", "1 - Presentation", "{46CF913B-EA59-401A-996E-55A83473B63D}"
EndProject
Project("{2150E333-8FDC-42A3-9474-1A3956D46DE8}") = "2 - Bussines", "2 - Bussines", "{A46A0C2A-E105-4C8B-AB54-732B4B2D7414}"
EndProject
Project("{2150E333-8FDC-42A3-9474-1A3956D46DE8}") = "3 - Infrastructure", "3 - Infrastructure", "{67CC074C-8152-4C16-B9E3-C6C17080DF72}"
EndProject
Project("{2150E333-8FDC-42A3-9474-1A3956D46DE8}") = "4 - Repository", "4 - Repository", "{062328A6-4F11-4159-8507-23AAD9858F83}"
EndProject
Project("{2150E333-8FDC-42A3-9474-1A3956D46DE8}") = "5 - Utilities", "5 - Utilities", "{A3B8D57E-071D-43A7-A2E9-04568D5F440B}"
EndProject
Project("{FAE04EC0-301F-11D3-BF4B-00C04F79EFBC}") = "Repository", "Unidad_4\Ejercicio_BankAccountDDD\4 - Repository\Repository\Repository.csproj", "{B685F11D-3BAA-44CA-967E-1377BB56FA4B}"
EndProject
Project("{FAE04EC0-301F-11D3-BF4B-00C04F79EFBC}") = "Infrastructure", "Unidad_4\Ejercicio_BankAccountDDD\3 - Infrastructure\Infrastructure\Infrastructure.csproj", "{8FE0318D-F09C-412C-BD4C-80014F58C9BA}"
EndProject
Project("{FAE04EC0-301F-11D3-BF4B-00C04F79EFBC}") = "Bussines", "Unidad_4\Ejercicio_BankAccountDDD\2 - Bussines\Bussines\Bussines.csproj", "{B6238B19-B710-41F5-9AE6-C88B18C1707D}"
EndProject
Project("{2150E333-8FDC-42A3-9474-1A3956D46DE8}") = "Test", "Test", "{B9919B6F-51CE-4F11-8926-7C78BA8DA0DA}"
EndProject
Project("{FAE04EC0-301F-11D3-BF4B-00C04F79EFBC}") = "BankAccountTest", "Unidad_4\Ejercicio_BankAccountDDD\5 - Utilities\Test\BankAccountTest\BankAccountTest.csproj", "{64762047-7063-4387-B43B-54D66FC91D25}"
EndProject
Project("{2150E333-8FDC-42A3-9474-1A3956D46DE8}") = "Ejercicio_WarhammerBattleSimulator", "Ejercicio_WarhammerBattleSimulator", "{E6DDF242-12E9-4026-BB75-7EC1DB04E180}"
EndProject
Project("{2150E333-8FDC-42A3-9474-1A3956D46DE8}") = "1 - Distributed Services", "1 - Distributed Services", "{60949B63-684F-43CE-A466-C01C866CEAD5}"
EndProject
Project("{2150E333-8FDC-42A3-9474-1A3956D46DE8}") = "2 - Bussines", "2 - Bussines", "{09521AB5-3AAD-4B3D-997E-6D8A9C16FF57}"
EndProject
Project("{2150E333-8FDC-42A3-9474-1A3956D46DE8}") = "3 - Infrastructure", "3 - Infrastructure", "{6493219B-BD9B-4891-81C6-DCA960FFB185}"
EndProject
Project("{2150E333-8FDC-42A3-9474-1A3956D46DE8}") = "4 - Repository", "4 - Repository", "{4A0ACED6-EFB8-4603-B0C6-D5DEE246AA19}"
EndProject
Project("{2150E333-8FDC-42A3-9474-1A3956D46DE8}") = "5 - Utilitys", "5 - Utilitys", "{3B1D546B-C79A-4773-9CA2-05743DB2C750}"
EndProject
Project("{FAE04EC0-301F-11D3-BF4B-00C04F79EFBC}") = "Infrastructure", "Unidad_5\Ejercicio_WarhammerBattleSimulator\3 - Infrastructure\Infrastructure\Infrastructure.csproj", "{3EFB47D1-1587-40D6-8230-F050C2F4FF0E}"
EndProject
Project("{FAE04EC0-301F-11D3-BF4B-00C04F79EFBC}") = "Implementations", "Unidad_5\Ejercicio_WarhammerBattleSimulator\2 - Bussines\Bussines\Implementations.csproj", "{7ECB9E48-AC65-4204-9FF1-981EFB35C917}"
EndProject
Project("{FAE04EC0-301F-11D3-BF4B-00C04F79EFBC}") = "Distributed Services", "Unidad_5\Ejercicio_WarhammerBattleSimulator\1 - Distributed Services\Distributed Services\Distributed Services.csproj", "{5F764471-B365-4757-A9B8-1C38FFABECFB}"
EndProject
Project("{FAE04EC0-301F-11D3-BF4B-00C04F79EFBC}") = "Repository", "Unidad_5\Ejercicio_WarhammerBattleSimulator\4 - Repository\Repository\Repository.csproj", "{34D5A94B-7124-4589-AC13-27B0F53E8B28}"
EndProject
Project("{FAE04EC0-301F-11D3-BF4B-00C04F79EFBC}") = "Contracts", "Unidad_5\Ejercicio_WarhammerBattleSimulator\2 - Bussines\Services\Contracts.csproj", "{3D37B0F5-53E2-4325-97DD-CC1986EDE9D6}"
EndProject
Project("{2150E333-8FDC-42A3-9474-1A3956D46DE8}") = "Unidad_6", "Unidad_6", "{BF37CEE9-5AC1-493F-BE0E-B8622593A9BF}"
EndProject
Project("{2150E333-8FDC-42A3-9474-1A3956D46DE8}") = "WfcTest", "WfcTest", "{13A2E7F9-146E-4B89-A930-C633B850B4A5}"
EndProject
Project("{FAE04EC0-301F-11D3-BF4B-00C04F79EFBC}") = "WfcTest", "Unidad_6\WfcTest\WfcTest\WfcTest.csproj", "{5EEEB020-4C30-44D1-B91C-6EB536391664}"
EndProject
Project("{2150E333-8FDC-42A3-9474-1A3956D46DE8}") = "PokemonAsyncProject", "PokemonAsyncProject", "{66E98BB1-E088-4582-AEB4-7F166D08C9EB}"
EndProject
Project("{FAE04EC0-301F-11D3-BF4B-00C04F79EFBC}") = "WebApi", "Unidad_6\PokemonAsyncProject\1 - Distributed Services\WebApi\WebApi\WebApi.csproj", "{26F50F0C-DE07-44EA-AF52-265B4690D44F}"
EndProject
Project("{2150E333-8FDC-42A3-9474-1A3956D46DE8}") = "1 - Distributed Services", "1 - Distributed Services", "{B0CD3DC1-FA79-4178-9A9F-857E978FF910}"
EndProject
Project("{2150E333-8FDC-42A3-9474-1A3956D46DE8}") = "2 - Bussines", "2 - Bussines", "{83BE59AF-929B-4F39-9FCE-2A3AE2B572ED}"
EndProject
Project("{2150E333-8FDC-42A3-9474-1A3956D46DE8}") = "3 - Domain", "3 - Domain", "{C488B8C7-5EC2-4E55-BF5F-436B83D589E2}"
EndProject
Project("{2150E333-8FDC-42A3-9474-1A3956D46DE8}") = "4 - Infrastructure", "4 - Infrastructure", "{ABBD64EC-CEBF-473B-B7E8-56D750D8C1A1}"
EndProject
Project("{FAE04EC0-301F-11D3-BF4B-00C04F79EFBC}") = "Contracts", "Unidad_6\PokemonAsyncProject\2 - Bussines\Contracts\Contracts.csproj", "{27C96550-6445-4F1A-8F04-811B898B6CBF}"
EndProject
Project("{FAE04EC0-301F-11D3-BF4B-00C04F79EFBC}") = "Dto", "Unidad_6\PokemonAsyncProject\2 - Bussines\Dto\Dto.csproj", "{05E103C3-B535-4185-B220-705839771183}"
EndProject
Project("{FAE04EC0-301F-11D3-BF4B-00C04F79EFBC}") = "Implementations", "Unidad_6\PokemonAsyncProject\2 - Bussines\Implementations\Implementations.csproj", "{D82F577E-49E9-4E65-BAF5-EA281AD9DA1D}"
EndProject
Project("{FAE04EC0-301F-11D3-BF4B-00C04F79EFBC}") = "Domain", "Unidad_6\PokemonAsyncProject\3 - Domain\Domain\Domain.csproj", "{98517519-3084-43A1-ABD5-93DE54005120}"
EndProject
Project("{FAE04EC0-301F-11D3-BF4B-00C04F79EFBC}") = "RepositoryContracts", "Unidad_6\PokemonAsyncProject\3 - Domain\RepositoryContracts\RepositoryContracts.csproj", "{0D34EB9F-F4DC-40CC-8AFE-60BA0F1A5D9B}"
EndProject
Project("{2150E333-8FDC-42A3-9474-1A3956D46DE8}") = "InfrastructureData", "InfrastructureData", "{ECE34E97-40B9-4236-BD0A-54C433F1E9F5}"
EndProject
Project("{FAE04EC0-301F-11D3-BF4B-00C04F79EFBC}") = "InfrastructureData", "Unidad_6\PokemonAsyncProject\4 - Infrastructure\InfrastructureData\InfrastructureData\InfrastructureData.csproj", "{CFFC0BDB-FF4E-465C-806C-0C35D419FE03}"
EndProject
Project("{2150E333-8FDC-42A3-9474-1A3956D46DE8}") = "Testing", "Testing", "{F2DC147C-E8B5-45CD-9285-4C79CDB17ACF}"
EndProject
Global
	GlobalSection(SolutionConfigurationPlatforms) = preSolution
		Debug|Any CPU = Debug|Any CPU
		Release|Any CPU = Release|Any CPU
	EndGlobalSection
	GlobalSection(ProjectConfigurationPlatforms) = postSolution
		{A8060C9E-E688-4A04-B395-3E98F5C7A2C0}.Debug|Any CPU.ActiveCfg = Debug|Any CPU
		{A8060C9E-E688-4A04-B395-3E98F5C7A2C0}.Debug|Any CPU.Build.0 = Debug|Any CPU
		{A8060C9E-E688-4A04-B395-3E98F5C7A2C0}.Release|Any CPU.ActiveCfg = Release|Any CPU
		{A8060C9E-E688-4A04-B395-3E98F5C7A2C0}.Release|Any CPU.Build.0 = Release|Any CPU
		{2C6751CF-9F40-494A-BD34-5921BE6C3CD4}.Debug|Any CPU.ActiveCfg = Debug|Any CPU
		{2C6751CF-9F40-494A-BD34-5921BE6C3CD4}.Debug|Any CPU.Build.0 = Debug|Any CPU
		{2C6751CF-9F40-494A-BD34-5921BE6C3CD4}.Release|Any CPU.ActiveCfg = Release|Any CPU
		{2C6751CF-9F40-494A-BD34-5921BE6C3CD4}.Release|Any CPU.Build.0 = Release|Any CPU
		{F9F48101-6B3A-42ED-8E4F-48D5450E2899}.Debug|Any CPU.ActiveCfg = Debug|Any CPU
		{F9F48101-6B3A-42ED-8E4F-48D5450E2899}.Debug|Any CPU.Build.0 = Debug|Any CPU
		{F9F48101-6B3A-42ED-8E4F-48D5450E2899}.Release|Any CPU.ActiveCfg = Release|Any CPU
		{F9F48101-6B3A-42ED-8E4F-48D5450E2899}.Release|Any CPU.Build.0 = Release|Any CPU
		{01C06AB1-19A0-432B-B16F-E8302B8DDA72}.Debug|Any CPU.ActiveCfg = Debug|Any CPU
		{01C06AB1-19A0-432B-B16F-E8302B8DDA72}.Debug|Any CPU.Build.0 = Debug|Any CPU
		{01C06AB1-19A0-432B-B16F-E8302B8DDA72}.Release|Any CPU.ActiveCfg = Release|Any CPU
		{01C06AB1-19A0-432B-B16F-E8302B8DDA72}.Release|Any CPU.Build.0 = Release|Any CPU
		{EE43A62B-F77F-4518-AAE0-407ECC30A0A5}.Debug|Any CPU.ActiveCfg = Debug|Any CPU
		{EE43A62B-F77F-4518-AAE0-407ECC30A0A5}.Debug|Any CPU.Build.0 = Debug|Any CPU
		{EE43A62B-F77F-4518-AAE0-407ECC30A0A5}.Release|Any CPU.ActiveCfg = Release|Any CPU
		{EE43A62B-F77F-4518-AAE0-407ECC30A0A5}.Release|Any CPU.Build.0 = Release|Any CPU
		{542E6FDF-D857-4601-9EE4-1F1AA3E2BDEB}.Debug|Any CPU.ActiveCfg = Debug|Any CPU
		{542E6FDF-D857-4601-9EE4-1F1AA3E2BDEB}.Debug|Any CPU.Build.0 = Debug|Any CPU
		{542E6FDF-D857-4601-9EE4-1F1AA3E2BDEB}.Release|Any CPU.ActiveCfg = Release|Any CPU
		{542E6FDF-D857-4601-9EE4-1F1AA3E2BDEB}.Release|Any CPU.Build.0 = Release|Any CPU
		{BA380A56-9D14-4335-8C16-372873B54B13}.Debug|Any CPU.ActiveCfg = Debug|Any CPU
		{BA380A56-9D14-4335-8C16-372873B54B13}.Debug|Any CPU.Build.0 = Debug|Any CPU
		{BA380A56-9D14-4335-8C16-372873B54B13}.Release|Any CPU.ActiveCfg = Release|Any CPU
		{BA380A56-9D14-4335-8C16-372873B54B13}.Release|Any CPU.Build.0 = Release|Any CPU
		{D01ECE5F-83B6-47FC-8E12-5AA82D0085B9}.Debug|Any CPU.ActiveCfg = Debug|Any CPU
		{D01ECE5F-83B6-47FC-8E12-5AA82D0085B9}.Debug|Any CPU.Build.0 = Debug|Any CPU
		{D01ECE5F-83B6-47FC-8E12-5AA82D0085B9}.Release|Any CPU.ActiveCfg = Release|Any CPU
		{D01ECE5F-83B6-47FC-8E12-5AA82D0085B9}.Release|Any CPU.Build.0 = Release|Any CPU
		{FCEFE17E-5FE2-41FD-BAE9-F6FE5757A7DD}.Debug|Any CPU.ActiveCfg = Debug|Any CPU
		{FCEFE17E-5FE2-41FD-BAE9-F6FE5757A7DD}.Debug|Any CPU.Build.0 = Debug|Any CPU
		{FCEFE17E-5FE2-41FD-BAE9-F6FE5757A7DD}.Release|Any CPU.ActiveCfg = Release|Any CPU
		{FCEFE17E-5FE2-41FD-BAE9-F6FE5757A7DD}.Release|Any CPU.Build.0 = Release|Any CPU
		{2545670D-5360-4024-9503-247E49B4D309}.Debug|Any CPU.ActiveCfg = Debug|Any CPU
		{2545670D-5360-4024-9503-247E49B4D309}.Debug|Any CPU.Build.0 = Debug|Any CPU
		{2545670D-5360-4024-9503-247E49B4D309}.Release|Any CPU.ActiveCfg = Release|Any CPU
		{2545670D-5360-4024-9503-247E49B4D309}.Release|Any CPU.Build.0 = Release|Any CPU
		{D31398E8-18A3-455B-862A-8933D8DFEF0B}.Debug|Any CPU.ActiveCfg = Debug|Any CPU
		{D31398E8-18A3-455B-862A-8933D8DFEF0B}.Debug|Any CPU.Build.0 = Debug|Any CPU
		{D31398E8-18A3-455B-862A-8933D8DFEF0B}.Release|Any CPU.ActiveCfg = Release|Any CPU
		{D31398E8-18A3-455B-862A-8933D8DFEF0B}.Release|Any CPU.Build.0 = Release|Any CPU
		{CFE22E76-A951-4AD6-8FE8-F4B882083988}.Debug|Any CPU.ActiveCfg = Debug|Any CPU
		{CFE22E76-A951-4AD6-8FE8-F4B882083988}.Debug|Any CPU.Build.0 = Debug|Any CPU
		{CFE22E76-A951-4AD6-8FE8-F4B882083988}.Release|Any CPU.ActiveCfg = Release|Any CPU
		{CFE22E76-A951-4AD6-8FE8-F4B882083988}.Release|Any CPU.Build.0 = Release|Any CPU
		{F033DE33-EE07-43F2-A4CE-34C8E9518E47}.Debug|Any CPU.ActiveCfg = Debug|Any CPU
		{F033DE33-EE07-43F2-A4CE-34C8E9518E47}.Debug|Any CPU.Build.0 = Debug|Any CPU
		{F033DE33-EE07-43F2-A4CE-34C8E9518E47}.Release|Any CPU.ActiveCfg = Release|Any CPU
		{F033DE33-EE07-43F2-A4CE-34C8E9518E47}.Release|Any CPU.Build.0 = Release|Any CPU
		{B685F11D-3BAA-44CA-967E-1377BB56FA4B}.Debug|Any CPU.ActiveCfg = Debug|Any CPU
		{B685F11D-3BAA-44CA-967E-1377BB56FA4B}.Debug|Any CPU.Build.0 = Debug|Any CPU
		{B685F11D-3BAA-44CA-967E-1377BB56FA4B}.Release|Any CPU.ActiveCfg = Release|Any CPU
		{B685F11D-3BAA-44CA-967E-1377BB56FA4B}.Release|Any CPU.Build.0 = Release|Any CPU
		{8FE0318D-F09C-412C-BD4C-80014F58C9BA}.Debug|Any CPU.ActiveCfg = Debug|Any CPU
		{8FE0318D-F09C-412C-BD4C-80014F58C9BA}.Debug|Any CPU.Build.0 = Debug|Any CPU
		{8FE0318D-F09C-412C-BD4C-80014F58C9BA}.Release|Any CPU.ActiveCfg = Release|Any CPU
		{8FE0318D-F09C-412C-BD4C-80014F58C9BA}.Release|Any CPU.Build.0 = Release|Any CPU
		{B6238B19-B710-41F5-9AE6-C88B18C1707D}.Debug|Any CPU.ActiveCfg = Debug|Any CPU
		{B6238B19-B710-41F5-9AE6-C88B18C1707D}.Debug|Any CPU.Build.0 = Debug|Any CPU
		{B6238B19-B710-41F5-9AE6-C88B18C1707D}.Release|Any CPU.ActiveCfg = Release|Any CPU
		{B6238B19-B710-41F5-9AE6-C88B18C1707D}.Release|Any CPU.Build.0 = Release|Any CPU
		{64762047-7063-4387-B43B-54D66FC91D25}.Debug|Any CPU.ActiveCfg = Debug|Any CPU
		{64762047-7063-4387-B43B-54D66FC91D25}.Debug|Any CPU.Build.0 = Debug|Any CPU
		{64762047-7063-4387-B43B-54D66FC91D25}.Release|Any CPU.ActiveCfg = Release|Any CPU
		{64762047-7063-4387-B43B-54D66FC91D25}.Release|Any CPU.Build.0 = Release|Any CPU
		{3EFB47D1-1587-40D6-8230-F050C2F4FF0E}.Debug|Any CPU.ActiveCfg = Debug|Any CPU
		{3EFB47D1-1587-40D6-8230-F050C2F4FF0E}.Debug|Any CPU.Build.0 = Debug|Any CPU
		{3EFB47D1-1587-40D6-8230-F050C2F4FF0E}.Release|Any CPU.ActiveCfg = Release|Any CPU
		{3EFB47D1-1587-40D6-8230-F050C2F4FF0E}.Release|Any CPU.Build.0 = Release|Any CPU
		{7ECB9E48-AC65-4204-9FF1-981EFB35C917}.Debug|Any CPU.ActiveCfg = Debug|Any CPU
		{7ECB9E48-AC65-4204-9FF1-981EFB35C917}.Debug|Any CPU.Build.0 = Debug|Any CPU
		{7ECB9E48-AC65-4204-9FF1-981EFB35C917}.Release|Any CPU.ActiveCfg = Release|Any CPU
		{7ECB9E48-AC65-4204-9FF1-981EFB35C917}.Release|Any CPU.Build.0 = Release|Any CPU
		{5F764471-B365-4757-A9B8-1C38FFABECFB}.Debug|Any CPU.ActiveCfg = Debug|Any CPU
		{5F764471-B365-4757-A9B8-1C38FFABECFB}.Debug|Any CPU.Build.0 = Debug|Any CPU
		{5F764471-B365-4757-A9B8-1C38FFABECFB}.Release|Any CPU.ActiveCfg = Release|Any CPU
		{5F764471-B365-4757-A9B8-1C38FFABECFB}.Release|Any CPU.Build.0 = Release|Any CPU
		{34D5A94B-7124-4589-AC13-27B0F53E8B28}.Debug|Any CPU.ActiveCfg = Debug|Any CPU
		{34D5A94B-7124-4589-AC13-27B0F53E8B28}.Debug|Any CPU.Build.0 = Debug|Any CPU
		{34D5A94B-7124-4589-AC13-27B0F53E8B28}.Release|Any CPU.ActiveCfg = Release|Any CPU
		{34D5A94B-7124-4589-AC13-27B0F53E8B28}.Release|Any CPU.Build.0 = Release|Any CPU
		{3D37B0F5-53E2-4325-97DD-CC1986EDE9D6}.Debug|Any CPU.ActiveCfg = Debug|Any CPU
		{3D37B0F5-53E2-4325-97DD-CC1986EDE9D6}.Debug|Any CPU.Build.0 = Debug|Any CPU
		{3D37B0F5-53E2-4325-97DD-CC1986EDE9D6}.Release|Any CPU.ActiveCfg = Release|Any CPU
		{3D37B0F5-53E2-4325-97DD-CC1986EDE9D6}.Release|Any CPU.Build.0 = Release|Any CPU
		{5EEEB020-4C30-44D1-B91C-6EB536391664}.Debug|Any CPU.ActiveCfg = Debug|Any CPU
		{5EEEB020-4C30-44D1-B91C-6EB536391664}.Debug|Any CPU.Build.0 = Debug|Any CPU
		{5EEEB020-4C30-44D1-B91C-6EB536391664}.Release|Any CPU.ActiveCfg = Release|Any CPU
		{5EEEB020-4C30-44D1-B91C-6EB536391664}.Release|Any CPU.Build.0 = Release|Any CPU
		{26F50F0C-DE07-44EA-AF52-265B4690D44F}.Debug|Any CPU.ActiveCfg = Debug|Any CPU
		{26F50F0C-DE07-44EA-AF52-265B4690D44F}.Debug|Any CPU.Build.0 = Debug|Any CPU
		{26F50F0C-DE07-44EA-AF52-265B4690D44F}.Release|Any CPU.ActiveCfg = Release|Any CPU
		{26F50F0C-DE07-44EA-AF52-265B4690D44F}.Release|Any CPU.Build.0 = Release|Any CPU
		{27C96550-6445-4F1A-8F04-811B898B6CBF}.Debug|Any CPU.ActiveCfg = Debug|Any CPU
		{27C96550-6445-4F1A-8F04-811B898B6CBF}.Debug|Any CPU.Build.0 = Debug|Any CPU
		{27C96550-6445-4F1A-8F04-811B898B6CBF}.Release|Any CPU.ActiveCfg = Release|Any CPU
		{27C96550-6445-4F1A-8F04-811B898B6CBF}.Release|Any CPU.Build.0 = Release|Any CPU
		{05E103C3-B535-4185-B220-705839771183}.Debug|Any CPU.ActiveCfg = Debug|Any CPU
		{05E103C3-B535-4185-B220-705839771183}.Debug|Any CPU.Build.0 = Debug|Any CPU
		{05E103C3-B535-4185-B220-705839771183}.Release|Any CPU.ActiveCfg = Release|Any CPU
		{05E103C3-B535-4185-B220-705839771183}.Release|Any CPU.Build.0 = Release|Any CPU
		{D82F577E-49E9-4E65-BAF5-EA281AD9DA1D}.Debug|Any CPU.ActiveCfg = Debug|Any CPU
		{D82F577E-49E9-4E65-BAF5-EA281AD9DA1D}.Debug|Any CPU.Build.0 = Debug|Any CPU
		{D82F577E-49E9-4E65-BAF5-EA281AD9DA1D}.Release|Any CPU.ActiveCfg = Release|Any CPU
		{D82F577E-49E9-4E65-BAF5-EA281AD9DA1D}.Release|Any CPU.Build.0 = Release|Any CPU
		{98517519-3084-43A1-ABD5-93DE54005120}.Debug|Any CPU.ActiveCfg = Debug|Any CPU
		{98517519-3084-43A1-ABD5-93DE54005120}.Debug|Any CPU.Build.0 = Debug|Any CPU
		{98517519-3084-43A1-ABD5-93DE54005120}.Release|Any CPU.ActiveCfg = Release|Any CPU
		{98517519-3084-43A1-ABD5-93DE54005120}.Release|Any CPU.Build.0 = Release|Any CPU
		{0D34EB9F-F4DC-40CC-8AFE-60BA0F1A5D9B}.Debug|Any CPU.ActiveCfg = Debug|Any CPU
		{0D34EB9F-F4DC-40CC-8AFE-60BA0F1A5D9B}.Debug|Any CPU.Build.0 = Debug|Any CPU
		{0D34EB9F-F4DC-40CC-8AFE-60BA0F1A5D9B}.Release|Any CPU.ActiveCfg = Release|Any CPU
		{0D34EB9F-F4DC-40CC-8AFE-60BA0F1A5D9B}.Release|Any CPU.Build.0 = Release|Any CPU
		{CFFC0BDB-FF4E-465C-806C-0C35D419FE03}.Debug|Any CPU.ActiveCfg = Debug|Any CPU
		{CFFC0BDB-FF4E-465C-806C-0C35D419FE03}.Debug|Any CPU.Build.0 = Debug|Any CPU
		{CFFC0BDB-FF4E-465C-806C-0C35D419FE03}.Release|Any CPU.ActiveCfg = Release|Any CPU
		{CFFC0BDB-FF4E-465C-806C-0C35D419FE03}.Release|Any CPU.Build.0 = Release|Any CPU
	EndGlobalSection
	GlobalSection(SolutionProperties) = preSolution
		HideSolutionNode = FALSE
	EndGlobalSection
	GlobalSection(NestedProjects) = preSolution
		{A8060C9E-E688-4A04-B395-3E98F5C7A2C0} = {46CB5442-628F-4A0E-BC9C-39861EDB4E22}
		{2C6751CF-9F40-494A-BD34-5921BE6C3CD4} = {46CB5442-628F-4A0E-BC9C-39861EDB4E22}
		{F9F48101-6B3A-42ED-8E4F-48D5450E2899} = {9992B3A2-699D-45C0-8034-7D2189D423A9}
		{01C06AB1-19A0-432B-B16F-E8302B8DDA72} = {9992B3A2-699D-45C0-8034-7D2189D423A9}
		{EE43A62B-F77F-4518-AAE0-407ECC30A0A5} = {9992B3A2-699D-45C0-8034-7D2189D423A9}
		{542E6FDF-D857-4601-9EE4-1F1AA3E2BDEB} = {9992B3A2-699D-45C0-8034-7D2189D423A9}
		{BA380A56-9D14-4335-8C16-372873B54B13} = {A9D8FE1C-06B0-420C-B41F-18A6BFDD5B1F}
		{D01ECE5F-83B6-47FC-8E12-5AA82D0085B9} = {A9D8FE1C-06B0-420C-B41F-18A6BFDD5B1F}
		{DD7CFD71-0FF1-4BEF-9635-254C8A4E9F51} = {BFA1AD63-C52E-4113-855D-49ADB95597F3}
		{9DDFA72B-20F3-49B6-AD85-4FFC996A23A6} = {DD7CFD71-0FF1-4BEF-9635-254C8A4E9F51}
		{C4250AEF-904D-46FB-8DC7-2D49DE30F5A6} = {DD7CFD71-0FF1-4BEF-9635-254C8A4E9F51}
		{C4DD069D-98F1-4652-AEAD-F42D50CBE30A} = {DD7CFD71-0FF1-4BEF-9635-254C8A4E9F51}
		{FE3708BF-E553-4A06-B2FD-BC63E7958452} = {DD7CFD71-0FF1-4BEF-9635-254C8A4E9F51}
		{FCEFE17E-5FE2-41FD-BAE9-F6FE5757A7DD} = {9DDFA72B-20F3-49B6-AD85-4FFC996A23A6}
		{2545670D-5360-4024-9503-247E49B4D309} = {C4250AEF-904D-46FB-8DC7-2D49DE30F5A6}
		{D31398E8-18A3-455B-862A-8933D8DFEF0B} = {C4DD069D-98F1-4652-AEAD-F42D50CBE30A}
		{CFE22E76-A951-4AD6-8FE8-F4B882083988} = {FE3708BF-E553-4A06-B2FD-BC63E7958452}
		{16D6069C-CC3B-4C2D-B658-238A95AB4376} = {BFA1AD63-C52E-4113-855D-49ADB95597F3}
		{F033DE33-EE07-43F2-A4CE-34C8E9518E47} = {46CF913B-EA59-401A-996E-55A83473B63D}
		{46CF913B-EA59-401A-996E-55A83473B63D} = {16D6069C-CC3B-4C2D-B658-238A95AB4376}
		{A46A0C2A-E105-4C8B-AB54-732B4B2D7414} = {16D6069C-CC3B-4C2D-B658-238A95AB4376}
		{67CC074C-8152-4C16-B9E3-C6C17080DF72} = {16D6069C-CC3B-4C2D-B658-238A95AB4376}
		{062328A6-4F11-4159-8507-23AAD9858F83} = {16D6069C-CC3B-4C2D-B658-238A95AB4376}
		{A3B8D57E-071D-43A7-A2E9-04568D5F440B} = {16D6069C-CC3B-4C2D-B658-238A95AB4376}
		{B685F11D-3BAA-44CA-967E-1377BB56FA4B} = {062328A6-4F11-4159-8507-23AAD9858F83}
		{8FE0318D-F09C-412C-BD4C-80014F58C9BA} = {67CC074C-8152-4C16-B9E3-C6C17080DF72}
		{B6238B19-B710-41F5-9AE6-C88B18C1707D} = {A46A0C2A-E105-4C8B-AB54-732B4B2D7414}
		{B9919B6F-51CE-4F11-8926-7C78BA8DA0DA} = {A3B8D57E-071D-43A7-A2E9-04568D5F440B}
		{64762047-7063-4387-B43B-54D66FC91D25} = {B9919B6F-51CE-4F11-8926-7C78BA8DA0DA}
		{E6DDF242-12E9-4026-BB75-7EC1DB04E180} = {61294FC9-5ED8-4FC8-8597-FEE24688E4D4}
		{60949B63-684F-43CE-A466-C01C866CEAD5} = {E6DDF242-12E9-4026-BB75-7EC1DB04E180}
		{09521AB5-3AAD-4B3D-997E-6D8A9C16FF57} = {E6DDF242-12E9-4026-BB75-7EC1DB04E180}
		{6493219B-BD9B-4891-81C6-DCA960FFB185} = {E6DDF242-12E9-4026-BB75-7EC1DB04E180}
		{4A0ACED6-EFB8-4603-B0C6-D5DEE246AA19} = {E6DDF242-12E9-4026-BB75-7EC1DB04E180}
		{3B1D546B-C79A-4773-9CA2-05743DB2C750} = {E6DDF242-12E9-4026-BB75-7EC1DB04E180}
		{3EFB47D1-1587-40D6-8230-F050C2F4FF0E} = {6493219B-BD9B-4891-81C6-DCA960FFB185}
		{7ECB9E48-AC65-4204-9FF1-981EFB35C917} = {09521AB5-3AAD-4B3D-997E-6D8A9C16FF57}
		{5F764471-B365-4757-A9B8-1C38FFABECFB} = {60949B63-684F-43CE-A466-C01C866CEAD5}
		{34D5A94B-7124-4589-AC13-27B0F53E8B28} = {4A0ACED6-EFB8-4603-B0C6-D5DEE246AA19}
		{3D37B0F5-53E2-4325-97DD-CC1986EDE9D6} = {09521AB5-3AAD-4B3D-997E-6D8A9C16FF57}
		{13A2E7F9-146E-4B89-A930-C633B850B4A5} = {BF37CEE9-5AC1-493F-BE0E-B8622593A9BF}
		{5EEEB020-4C30-44D1-B91C-6EB536391664} = {13A2E7F9-146E-4B89-A930-C633B850B4A5}
		{66E98BB1-E088-4582-AEB4-7F166D08C9EB} = {BF37CEE9-5AC1-493F-BE0E-B8622593A9BF}
		{26F50F0C-DE07-44EA-AF52-265B4690D44F} = {B0CD3DC1-FA79-4178-9A9F-857E978FF910}
		{B0CD3DC1-FA79-4178-9A9F-857E978FF910} = {66E98BB1-E088-4582-AEB4-7F166D08C9EB}
		{83BE59AF-929B-4F39-9FCE-2A3AE2B572ED} = {66E98BB1-E088-4582-AEB4-7F166D08C9EB}
		{C488B8C7-5EC2-4E55-BF5F-436B83D589E2} = {66E98BB1-E088-4582-AEB4-7F166D08C9EB}
		{ABBD64EC-CEBF-473B-B7E8-56D750D8C1A1} = {66E98BB1-E088-4582-AEB4-7F166D08C9EB}
		{27C96550-6445-4F1A-8F04-811B898B6CBF} = {83BE59AF-929B-4F39-9FCE-2A3AE2B572ED}
		{05E103C3-B535-4185-B220-705839771183} = {83BE59AF-929B-4F39-9FCE-2A3AE2B572ED}
		{D82F577E-49E9-4E65-BAF5-EA281AD9DA1D} = {83BE59AF-929B-4F39-9FCE-2A3AE2B572ED}
		{98517519-3084-43A1-ABD5-93DE54005120} = {C488B8C7-5EC2-4E55-BF5F-436B83D589E2}
		{0D34EB9F-F4DC-40CC-8AFE-60BA0F1A5D9B} = {C488B8C7-5EC2-4E55-BF5F-436B83D589E2}
		{ECE34E97-40B9-4236-BD0A-54C433F1E9F5} = {ABBD64EC-CEBF-473B-B7E8-56D750D8C1A1}
		{CFFC0BDB-FF4E-465C-806C-0C35D419FE03} = {ECE34E97-40B9-4236-BD0A-54C433F1E9F5}
		{F2DC147C-E8B5-45CD-9285-4C79CDB17ACF} = {ABBD64EC-CEBF-473B-B7E8-56D750D8C1A1}
	EndGlobalSection
	GlobalSection(ExtensibilityGlobals) = postSolution
		SolutionGuid = {7B8CA17E-F82F-4D59-99D3-6510947C46C7}
	EndGlobalSection
EndGlobal
